
Microsoft Visual Studio Solution File, Format Version 12.00
# Visual Studio 2012
Project("{FAE04EC0-301F-11D3-BF4B-00C04F79EFBC}") = "Naxam.Lottie.iOS", "Naxam.Lottie.iOS\Naxam.Lottie.iOS.csproj", "{7819C5D2-4D97-4B58-83FD-98D51C9D787A}"
EndProject
Project("{FAE04EC0-301F-11D3-BF4B-00C04F79EFBC}") = "Naxam.LottieDemo.iOS", "Naxam.LottieDemo.iOS\Naxam.LottieDemo.iOS.csproj", "{7B55475C-82E2-43FE-B061-457D244BBB2B}"
EndProject
Project("{FAE04EC0-301F-11D3-BF4B-00C04F79EFBC}") = "Naxam.Lottie.Droid", "Naxam.Lottie.Droid\Naxam.Lottie.Droid.csproj", "{43DF8B20-7D05-42B7-9789-94C2971C82D6}"
EndProject
Project("{FAE04EC0-301F-11D3-BF4B-00C04F79EFBC}") = "Naxam.LottieDemo.Droid", "Naxam.LottieDemo.Droid\Naxam.LottieDemo.Droid.csproj", "{23C830D3-D5B8-46F5-84A7-982FF5562E6D}"
EndProject
Global
	GlobalSection(SolutionConfigurationPlatforms) = preSolution
		Debug|Any CPU = Debug|Any CPU
		Release|Any CPU = Release|Any CPU
		Debug|iPhoneSimulator = Debug|iPhoneSimulator
		Release|iPhone = Release|iPhone
		Release|iPhoneSimulator = Release|iPhoneSimulator
		Debug|iPhone = Debug|iPhone
	EndGlobalSection
	GlobalSection(ProjectConfigurationPlatforms) = postSolution
		{7819C5D2-4D97-4B58-83FD-98D51C9D787A}.Debug|Any CPU.ActiveCfg = Debug|Any CPU
		{7819C5D2-4D97-4B58-83FD-98D51C9D787A}.Debug|Any CPU.Build.0 = Debug|Any CPU
		{7819C5D2-4D97-4B58-83FD-98D51C9D787A}.Release|Any CPU.ActiveCfg = Release|Any CPU
		{7819C5D2-4D97-4B58-83FD-98D51C9D787A}.Release|Any CPU.Build.0 = Release|Any CPU
		{7819C5D2-4D97-4B58-83FD-98D51C9D787A}.Debug|iPhoneSimulator.ActiveCfg = Debug|Any CPU
		{7819C5D2-4D97-4B58-83FD-98D51C9D787A}.Debug|iPhoneSimulator.Build.0 = Debug|Any CPU
		{7819C5D2-4D97-4B58-83FD-98D51C9D787A}.Release|iPhone.ActiveCfg = Release|Any CPU
		{7819C5D2-4D97-4B58-83FD-98D51C9D787A}.Release|iPhone.Build.0 = Release|Any CPU
		{7819C5D2-4D97-4B58-83FD-98D51C9D787A}.Release|iPhoneSimulator.ActiveCfg = Release|Any CPU
		{7819C5D2-4D97-4B58-83FD-98D51C9D787A}.Release|iPhoneSimulator.Build.0 = Release|Any CPU
		{7819C5D2-4D97-4B58-83FD-98D51C9D787A}.Debug|iPhone.ActiveCfg = Debug|Any CPU
		{7819C5D2-4D97-4B58-83FD-98D51C9D787A}.Debug|iPhone.Build.0 = Debug|Any CPU
		{7B55475C-82E2-43FE-B061-457D244BBB2B}.Debug|Any CPU.ActiveCfg = Debug|iPhoneSimulator
		{7B55475C-82E2-43FE-B061-457D244BBB2B}.Debug|Any CPU.Build.0 = Debug|iPhoneSimulator
		{7B55475C-82E2-43FE-B061-457D244BBB2B}.Release|Any CPU.ActiveCfg = Release|iPhone
		{7B55475C-82E2-43FE-B061-457D244BBB2B}.Release|Any CPU.Build.0 = Release|iPhone
		{7B55475C-82E2-43FE-B061-457D244BBB2B}.Debug|iPhoneSimulator.ActiveCfg = Debug|iPhoneSimulator
		{7B55475C-82E2-43FE-B061-457D244BBB2B}.Debug|iPhoneSimulator.Build.0 = Debug|iPhoneSimulator
		{7B55475C-82E2-43FE-B061-457D244BBB2B}.Release|iPhone.ActiveCfg = Release|iPhone
		{7B55475C-82E2-43FE-B061-457D244BBB2B}.Release|iPhone.Build.0 = Release|iPhone
		{7B55475C-82E2-43FE-B061-457D244BBB2B}.Release|iPhoneSimulator.ActiveCfg = Release|iPhoneSimulator
		{7B55475C-82E2-43FE-B061-457D244BBB2B}.Release|iPhoneSimulator.Build.0 = Release|iPhoneSimulator
		{7B55475C-82E2-43FE-B061-457D244BBB2B}.Debug|iPhone.ActiveCfg = Debug|iPhone
		{7B55475C-82E2-43FE-B061-457D244BBB2B}.Debug|iPhone.Build.0 = Debug|iPhone
		{43DF8B20-7D05-42B7-9789-94C2971C82D6}.Debug|Any CPU.ActiveCfg = Debug|Any CPU
		{43DF8B20-7D05-42B7-9789-94C2971C82D6}.Debug|Any CPU.Build.0 = Debug|Any CPU
		{43DF8B20-7D05-42B7-9789-94C2971C82D6}.Release|Any CPU.ActiveCfg = Release|Any CPU
		{43DF8B20-7D05-42B7-9789-94C2971C82D6}.Release|Any CPU.Build.0 = Release|Any CPU
		{43DF8B20-7D05-42B7-9789-94C2971C82D6}.Debug|iPhoneSimulator.ActiveCfg = Debug|Any CPU
		{43DF8B20-7D05-42B7-9789-94C2971C82D6}.Debug|iPhoneSimulator.Build.0 = Debug|Any CPU
		{43DF8B20-7D05-42B7-9789-94C2971C82D6}.Release|iPhone.ActiveCfg = Release|Any CPU
		{43DF8B20-7D05-42B7-9789-94C2971C82D6}.Release|iPhone.Build.0 = Release|Any CPU
		{43DF8B20-7D05-42B7-9789-94C2971C82D6}.Release|iPhoneSimulator.ActiveCfg = Release|Any CPU
		{43DF8B20-7D05-42B7-9789-94C2971C82D6}.Release|iPhoneSimulator.Build.0 = Release|Any CPU
		{43DF8B20-7D05-42B7-9789-94C2971C82D6}.Debug|iPhone.ActiveCfg = Debug|Any CPU
		{43DF8B20-7D05-42B7-9789-94C2971C82D6}.Debug|iPhone.Build.0 = Debug|Any CPU
		{23C830D3-D5B8-46F5-84A7-982FF5562E6D}.Debug|Any CPU.ActiveCfg = Debug|Any CPU
		{23C830D3-D5B8-46F5-84A7-982FF5562E6D}.Debug|Any CPU.Build.0 = Debug|Any CPU
		{23C830D3-D5B8-46F5-84A7-982FF5562E6D}.Release|Any CPU.ActiveCfg = Release|Any CPU
		{23C830D3-D5B8-46F5-84A7-982FF5562E6D}.Release|Any CPU.Build.0 = Release|Any CPU
		{23C830D3-D5B8-46F5-84A7-982FF5562E6D}.Debug|iPhoneSimulator.ActiveCfg = Debug|Any CPU
		{23C830D3-D5B8-46F5-84A7-982FF5562E6D}.Debug|iPhoneSimulator.Build.0 = Debug|Any CPU
		{23C830D3-D5B8-46F5-84A7-982FF5562E6D}.Release|iPhone.ActiveCfg = Release|Any CPU
		{23C830D3-D5B8-46F5-84A7-982FF5562E6D}.Release|iPhone.Build.0 = Release|Any CPU
		{23C830D3-D5B8-46F5-84A7-982FF5562E6D}.Release|iPhoneSimulator.ActiveCfg = Release|Any CPU
		{23C830D3-D5B8-46F5-84A7-982FF5562E6D}.Release|iPhoneSimulator.Build.0 = Release|Any CPU
		{23C830D3-D5B8-46F5-84A7-982FF5562E6D}.Debug|iPhone.ActiveCfg = Debug|Any CPU
		{23C830D3-D5B8-46F5-84A7-982FF5562E6D}.Debug|iPhone.Build.0 = Debug|Any CPU
	EndGlobalSection
EndGlobal
